
Microsoft Visual Studio Solution File, Format Version 12.00
# Visual Studio 15
Project("{FAE04EC0-301F-11D3-BF4B-00C04F79EFBC}") = "Crmall.Infra.Data", "Crmall.Infra.Data\Crmall.Infra.Data.csproj", "{EE3EBDC0-C255-471D-85E7-4F22990A4811}"
EndProject
Project("{FAE04EC0-301F-11D3-BF4B-00C04F79EFBC}") = "Crmall.Api", "Crmall.Api\Crmall.Api.csproj", "{B89DC44C-182C-4CD1-8EC1-DDFABCB0CD3F}"
EndProject
Project("{FAE04EC0-301F-11D3-BF4B-00C04F79EFBC}") = "Crmall.Tests", "Crmall.Tests\Crmall.Tests.csproj", "{EE6E90FC-F23E-47AE-B328-F095563CB982}"
EndProject
Project("{2150E333-8FDC-42A3-9474-1A3956D46DE8}") = "src", "src", "{158074C2-335C-41F1-B220-513EC48B6AF6}"
EndProject
Project("{2150E333-8FDC-42A3-9474-1A3956D46DE8}") = "tests", "tests", "{3A8F0F87-745D-48CB-9A89-B3DCEB2E2E3D}"
EndProject
Project("{FAE04EC0-301F-11D3-BF4B-00C04F79EFBC}") = "Crmall.Infra.ViaCep", "Crmall.Infra.ViaCep\Crmall.Infra.ViaCep.csproj", "{E3BAFF08-B74A-4A78-86C5-C900C39C9211}"
EndProject
Project("{FAE04EC0-301F-11D3-BF4B-00C04F79EFBC}") = "Crmall.Domain", "Crmall.Domain\Crmall.Domain.csproj", "{C915A31A-FF87-40DC-B26B-A204D885C7B6}"
EndProject
Global
	GlobalSection(SolutionConfigurationPlatforms) = preSolution
		Debug|Any CPU = Debug|Any CPU
		Release|Any CPU = Release|Any CPU
	EndGlobalSection
	GlobalSection(ProjectConfigurationPlatforms) = postSolution
		{EE3EBDC0-C255-471D-85E7-4F22990A4811}.Debug|Any CPU.ActiveCfg = Debug|Any CPU
		{EE3EBDC0-C255-471D-85E7-4F22990A4811}.Debug|Any CPU.Build.0 = Debug|Any CPU
		{EE3EBDC0-C255-471D-85E7-4F22990A4811}.Release|Any CPU.ActiveCfg = Release|Any CPU
		{EE3EBDC0-C255-471D-85E7-4F22990A4811}.Release|Any CPU.Build.0 = Release|Any CPU
		{B89DC44C-182C-4CD1-8EC1-DDFABCB0CD3F}.Debug|Any CPU.ActiveCfg = Debug|Any CPU
		{B89DC44C-182C-4CD1-8EC1-DDFABCB0CD3F}.Debug|Any CPU.Build.0 = Debug|Any CPU
		{B89DC44C-182C-4CD1-8EC1-DDFABCB0CD3F}.Release|Any CPU.ActiveCfg = Release|Any CPU
		{B89DC44C-182C-4CD1-8EC1-DDFABCB0CD3F}.Release|Any CPU.Build.0 = Release|Any CPU
		{EE6E90FC-F23E-47AE-B328-F095563CB982}.Debug|Any CPU.ActiveCfg = Debug|Any CPU
		{EE6E90FC-F23E-47AE-B328-F095563CB982}.Debug|Any CPU.Build.0 = Debug|Any CPU
		{EE6E90FC-F23E-47AE-B328-F095563CB982}.Release|Any CPU.ActiveCfg = Release|Any CPU
		{EE6E90FC-F23E-47AE-B328-F095563CB982}.Release|Any CPU.Build.0 = Release|Any CPU
		{E3BAFF08-B74A-4A78-86C5-C900C39C9211}.Debug|Any CPU.ActiveCfg = Debug|Any CPU
		{E3BAFF08-B74A-4A78-86C5-C900C39C9211}.Debug|Any CPU.Build.0 = Debug|Any CPU
		{E3BAFF08-B74A-4A78-86C5-C900C39C9211}.Release|Any CPU.ActiveCfg = Release|Any CPU
		{E3BAFF08-B74A-4A78-86C5-C900C39C9211}.Release|Any CPU.Build.0 = Release|Any CPU
		{C915A31A-FF87-40DC-B26B-A204D885C7B6}.Debug|Any CPU.ActiveCfg = Debug|Any CPU
		{C915A31A-FF87-40DC-B26B-A204D885C7B6}.Debug|Any CPU.Build.0 = Debug|Any CPU
		{C915A31A-FF87-40DC-B26B-A204D885C7B6}.Release|Any CPU.ActiveCfg = Release|Any CPU
		{C915A31A-FF87-40DC-B26B-A204D885C7B6}.Release|Any CPU.Build.0 = Release|Any CPU
	EndGlobalSection
	GlobalSection(NestedProjects) = preSolution
		{B89DC44C-182C-4CD1-8EC1-DDFABCB0CD3F} = {158074C2-335C-41F1-B220-513EC48B6AF6}
		{EE3EBDC0-C255-471D-85E7-4F22990A4811} = {158074C2-335C-41F1-B220-513EC48B6AF6}
		{EE6E90FC-F23E-47AE-B328-F095563CB982} = {3A8F0F87-745D-48CB-9A89-B3DCEB2E2E3D}
		{E3BAFF08-B74A-4A78-86C5-C900C39C9211} = {158074C2-335C-41F1-B220-513EC48B6AF6}
		{C915A31A-FF87-40DC-B26B-A204D885C7B6} = {158074C2-335C-41F1-B220-513EC48B6AF6}
	EndGlobalSection
EndGlobal
